// !$*UTF8*$!
{
	archiveVersion = 1;
	classes = {
	};
	objectVersion = 56;
	objects = {

/* Begin PBXBuildFile section */
		5F6855E93826988CA88A3F9A /* libPods-RegistrationUITests.a in Frameworks */ = {isa = PBXBuildFile; fileRef = 8F13C1C7B989AD7033BAE1CB /* libPods-RegistrationUITests.a */; };
		919E279C60AFEAA7C44F9A4B /* Pods_RegistrationTests.framework in Frameworks */ = {isa = PBXBuildFile; fileRef = 5D4A98F2C1AC96A62448CAFF /* Pods_RegistrationTests.framework */; };
		CEF1CEF6F0A5302330CB718B /* Pods_Registration.framework in Frameworks */ = {isa = PBXBuildFile; fileRef = 509A7A6C84D7F7575F3D513D /* Pods_Registration.framework */; };
		F8B472CA2A8BCE61005DE249 /* RightBtnTableViewCell.swift in Sources */ = {isa = PBXBuildFile; fileRef = F8B472C92A8BCE61005DE249 /* RightBtnTableViewCell.swift */; };
		F8B472CD2A8BD24D005DE249 /* Section.swift in Sources */ = {isa = PBXBuildFile; fileRef = F8B472CC2A8BD24D005DE249 /* Section.swift */; };
		F8C440332A8D2D5F002B1CC6 /* ColorPickerView.swift in Sources */ = {isa = PBXBuildFile; fileRef = F8C440322A8D2D5F002B1CC6 /* ColorPickerView.swift */; };
		F8C4403A2A8DD3B7002B1CC6 /* UserInfo.swift in Sources */ = {isa = PBXBuildFile; fileRef = F8C440392A8DD3B7002B1CC6 /* UserInfo.swift */; };
		F8C4403F2A8DD480002B1CC6 /* UserInfoRepository.swift in Sources */ = {isa = PBXBuildFile; fileRef = F8C4403E2A8DD480002B1CC6 /* UserInfoRepository.swift */; };
		F8C440412A8DD48E002B1CC6 /* RegistrationMapper.swift in Sources */ = {isa = PBXBuildFile; fileRef = F8C440402A8DD48E002B1CC6 /* RegistrationMapper.swift */; };
		F8C440442A8DD504002B1CC6 /* StandardRegistrationRepository.swift in Sources */ = {isa = PBXBuildFile; fileRef = F8C440432A8DD504002B1CC6 /* StandardRegistrationRepository.swift */; };
		F8C440462A8DD57B002B1CC6 /* UserInfoUserCase.swift in Sources */ = {isa = PBXBuildFile; fileRef = F8C440452A8DD57A002B1CC6 /* UserInfoUserCase.swift */; };
		F8C440482A8DD628002B1CC6 /* RegistrationFormUIEntity.swift in Sources */ = {isa = PBXBuildFile; fileRef = F8C440472A8DD628002B1CC6 /* RegistrationFormUIEntity.swift */; };
		F8C4404A2A8DF2A7002B1CC6 /* RegistrationViewModelTests.swift in Sources */ = {isa = PBXBuildFile; fileRef = F8C440492A8DF2A7002B1CC6 /* RegistrationViewModelTests.swift */; };
		F8C4404D2A8DF303002B1CC6 /* MockRegistrationRepository.swift in Sources */ = {isa = PBXBuildFile; fileRef = F8C4404C2A8DF303002B1CC6 /* MockRegistrationRepository.swift */; };
		F8FFAFF62A8A6A9900CB1A7C /* AppDelegate.swift in Sources */ = {isa = PBXBuildFile; fileRef = F8FFAFF52A8A6A9900CB1A7C /* AppDelegate.swift */; };
		F8FFAFF82A8A6A9900CB1A7C /* SceneDelegate.swift in Sources */ = {isa = PBXBuildFile; fileRef = F8FFAFF72A8A6A9900CB1A7C /* SceneDelegate.swift */; };
		F8FFAFFA2A8A6A9900CB1A7C /* ViewController.swift in Sources */ = {isa = PBXBuildFile; fileRef = F8FFAFF92A8A6A9900CB1A7C /* ViewController.swift */; };
		F8FFAFFD2A8A6A9900CB1A7C /* Main.storyboard in Resources */ = {isa = PBXBuildFile; fileRef = F8FFAFFB2A8A6A9900CB1A7C /* Main.storyboard */; };
		F8FFAFFF2A8A6A9C00CB1A7C /* Assets.xcassets in Resources */ = {isa = PBXBuildFile; fileRef = F8FFAFFE2A8A6A9C00CB1A7C /* Assets.xcassets */; };
		F8FFB0022A8A6A9C00CB1A7C /* LaunchScreen.storyboard in Resources */ = {isa = PBXBuildFile; fileRef = F8FFB0002A8A6A9C00CB1A7C /* LaunchScreen.storyboard */; };
		F8FFB0172A8A6A9D00CB1A7C /* RegistrationUITests.swift in Sources */ = {isa = PBXBuildFile; fileRef = F8FFB0162A8A6A9D00CB1A7C /* RegistrationUITests.swift */; };
		F8FFB0192A8A6A9D00CB1A7C /* RegistrationUITestsLaunchTests.swift in Sources */ = {isa = PBXBuildFile; fileRef = F8FFB0182A8A6A9D00CB1A7C /* RegistrationUITestsLaunchTests.swift */; };
		F8FFB0282A8A6CE700CB1A7C /* RegistrationViewController.swift in Sources */ = {isa = PBXBuildFile; fileRef = F8FFB0272A8A6CE700CB1A7C /* RegistrationViewController.swift */; };
		F8FFB02A2A8A71BE00CB1A7C /* TextFieldTableViewCell.swift in Sources */ = {isa = PBXBuildFile; fileRef = F8FFB0292A8A71BE00CB1A7C /* TextFieldTableViewCell.swift */; };
		F8FFB0312A8A7BB100CB1A7C /* RegistrationViewModel.swift in Sources */ = {isa = PBXBuildFile; fileRef = F8FFB0302A8A7BB100CB1A7C /* RegistrationViewModel.swift */; };
		F8FFB0332A8A85EC00CB1A7C /* AvatarTableViewCell.swift in Sources */ = {isa = PBXBuildFile; fileRef = F8FFB0322A8A85EC00CB1A7C /* AvatarTableViewCell.swift */; };
		F8FFB0352A8A942E00CB1A7C /* CenterButtonTableViewCell.swift in Sources */ = {isa = PBXBuildFile; fileRef = F8FFB0342A8A942E00CB1A7C /* CenterButtonTableViewCell.swift */; };
/* End PBXBuildFile section */

/* Begin PBXContainerItemProxy section */
		F8FFB0092A8A6A9D00CB1A7C /* PBXContainerItemProxy */ = {
			isa = PBXContainerItemProxy;
			containerPortal = F8FFAFEA2A8A6A9900CB1A7C /* Project object */;
			proxyType = 1;
			remoteGlobalIDString = F8FFAFF12A8A6A9900CB1A7C;
			remoteInfo = Registration;
		};
		F8FFB0132A8A6A9D00CB1A7C /* PBXContainerItemProxy */ = {
			isa = PBXContainerItemProxy;
			containerPortal = F8FFAFEA2A8A6A9900CB1A7C /* Project object */;
			proxyType = 1;
			remoteGlobalIDString = F8FFAFF12A8A6A9900CB1A7C;
			remoteInfo = Registration;
		};
/* End PBXContainerItemProxy section */

/* Begin PBXFileReference section */
		00C62C9CBF897CBE14C76095 /* Pods-RegistrationUITests.debug.xcconfig */ = {isa = PBXFileReference; includeInIndex = 1; lastKnownFileType = text.xcconfig; name = "Pods-RegistrationUITests.debug.xcconfig"; path = "Target Support Files/Pods-RegistrationUITests/Pods-RegistrationUITests.debug.xcconfig"; sourceTree = "<group>"; };
		3CCF9A32B3FE62D058E490E1 /* Pods-Registration.debug.xcconfig */ = {isa = PBXFileReference; includeInIndex = 1; lastKnownFileType = text.xcconfig; name = "Pods-Registration.debug.xcconfig"; path = "Target Support Files/Pods-Registration/Pods-Registration.debug.xcconfig"; sourceTree = "<group>"; };
		509A7A6C84D7F7575F3D513D /* Pods_Registration.framework */ = {isa = PBXFileReference; explicitFileType = wrapper.framework; includeInIndex = 0; path = Pods_Registration.framework; sourceTree = BUILT_PRODUCTS_DIR; };
		5D4A98F2C1AC96A62448CAFF /* Pods_RegistrationTests.framework */ = {isa = PBXFileReference; explicitFileType = wrapper.framework; includeInIndex = 0; path = Pods_RegistrationTests.framework; sourceTree = BUILT_PRODUCTS_DIR; };
		70D4ED8E28217BA397A83B92 /* Pods-Registration-RegistrationUITests.debug.xcconfig */ = {isa = PBXFileReference; includeInIndex = 1; lastKnownFileType = text.xcconfig; name = "Pods-Registration-RegistrationUITests.debug.xcconfig"; path = "Target Support Files/Pods-Registration-RegistrationUITests/Pods-Registration-RegistrationUITests.debug.xcconfig"; sourceTree = "<group>"; };
		8F13C1C7B989AD7033BAE1CB /* libPods-RegistrationUITests.a */ = {isa = PBXFileReference; explicitFileType = archive.ar; includeInIndex = 0; path = "libPods-RegistrationUITests.a"; sourceTree = BUILT_PRODUCTS_DIR; };
		BAAE41AB110314584CA063B8 /* Pods-Registration.release.xcconfig */ = {isa = PBXFileReference; includeInIndex = 1; lastKnownFileType = text.xcconfig; name = "Pods-Registration.release.xcconfig"; path = "Target Support Files/Pods-Registration/Pods-Registration.release.xcconfig"; sourceTree = "<group>"; };
		C66448A0F884014B8B2FF1A0 /* Pods-Registration-RegistrationUITests.release.xcconfig */ = {isa = PBXFileReference; includeInIndex = 1; lastKnownFileType = text.xcconfig; name = "Pods-Registration-RegistrationUITests.release.xcconfig"; path = "Target Support Files/Pods-Registration-RegistrationUITests/Pods-Registration-RegistrationUITests.release.xcconfig"; sourceTree = "<group>"; };
		D3F7375DEC0F3FD513A8E79D /* Pods-RegistrationTests.release.xcconfig */ = {isa = PBXFileReference; includeInIndex = 1; lastKnownFileType = text.xcconfig; name = "Pods-RegistrationTests.release.xcconfig"; path = "Target Support Files/Pods-RegistrationTests/Pods-RegistrationTests.release.xcconfig"; sourceTree = "<group>"; };
		EBF20DECD40E4407F91BAA74 /* Pods-RegistrationTests.debug.xcconfig */ = {isa = PBXFileReference; includeInIndex = 1; lastKnownFileType = text.xcconfig; name = "Pods-RegistrationTests.debug.xcconfig"; path = "Target Support Files/Pods-RegistrationTests/Pods-RegistrationTests.debug.xcconfig"; sourceTree = "<group>"; };
		F8B472C92A8BCE61005DE249 /* RightBtnTableViewCell.swift */ = {isa = PBXFileReference; lastKnownFileType = sourcecode.swift; path = RightBtnTableViewCell.swift; sourceTree = "<group>"; };
		F8B472CC2A8BD24D005DE249 /* Section.swift */ = {isa = PBXFileReference; lastKnownFileType = sourcecode.swift; path = Section.swift; sourceTree = "<group>"; };
		F8C440322A8D2D5F002B1CC6 /* ColorPickerView.swift */ = {isa = PBXFileReference; lastKnownFileType = sourcecode.swift; path = ColorPickerView.swift; sourceTree = "<group>"; };
		F8C440392A8DD3B7002B1CC6 /* UserInfo.swift */ = {isa = PBXFileReference; lastKnownFileType = sourcecode.swift; path = UserInfo.swift; sourceTree = "<group>"; };
		F8C4403E2A8DD480002B1CC6 /* UserInfoRepository.swift */ = {isa = PBXFileReference; lastKnownFileType = sourcecode.swift; path = UserInfoRepository.swift; sourceTree = "<group>"; };
		F8C440402A8DD48E002B1CC6 /* RegistrationMapper.swift */ = {isa = PBXFileReference; lastKnownFileType = sourcecode.swift; path = RegistrationMapper.swift; sourceTree = "<group>"; };
		F8C440432A8DD504002B1CC6 /* StandardRegistrationRepository.swift */ = {isa = PBXFileReference; lastKnownFileType = sourcecode.swift; path = StandardRegistrationRepository.swift; sourceTree = "<group>"; };
		F8C440452A8DD57A002B1CC6 /* UserInfoUserCase.swift */ = {isa = PBXFileReference; lastKnownFileType = sourcecode.swift; path = UserInfoUserCase.swift; sourceTree = "<group>"; };
		F8C440472A8DD628002B1CC6 /* RegistrationFormUIEntity.swift */ = {isa = PBXFileReference; lastKnownFileType = sourcecode.swift; path = RegistrationFormUIEntity.swift; sourceTree = "<group>"; };
		F8C440492A8DF2A7002B1CC6 /* RegistrationViewModelTests.swift */ = {isa = PBXFileReference; lastKnownFileType = sourcecode.swift; path = RegistrationViewModelTests.swift; sourceTree = "<group>"; };
		F8C4404C2A8DF303002B1CC6 /* MockRegistrationRepository.swift */ = {isa = PBXFileReference; lastKnownFileType = sourcecode.swift; path = MockRegistrationRepository.swift; sourceTree = "<group>"; };
		F8FFAFF22A8A6A9900CB1A7C /* Registration.app */ = {isa = PBXFileReference; explicitFileType = wrapper.application; includeInIndex = 0; path = Registration.app; sourceTree = BUILT_PRODUCTS_DIR; };
		F8FFAFF52A8A6A9900CB1A7C /* AppDelegate.swift */ = {isa = PBXFileReference; lastKnownFileType = sourcecode.swift; path = AppDelegate.swift; sourceTree = "<group>"; };
		F8FFAFF72A8A6A9900CB1A7C /* SceneDelegate.swift */ = {isa = PBXFileReference; lastKnownFileType = sourcecode.swift; path = SceneDelegate.swift; sourceTree = "<group>"; };
		F8FFAFF92A8A6A9900CB1A7C /* ViewController.swift */ = {isa = PBXFileReference; lastKnownFileType = sourcecode.swift; path = ViewController.swift; sourceTree = "<group>"; };
		F8FFAFFC2A8A6A9900CB1A7C /* Base */ = {isa = PBXFileReference; lastKnownFileType = file.storyboard; name = Base; path = Base.lproj/Main.storyboard; sourceTree = "<group>"; };
		F8FFAFFE2A8A6A9C00CB1A7C /* Assets.xcassets */ = {isa = PBXFileReference; lastKnownFileType = folder.assetcatalog; path = Assets.xcassets; sourceTree = "<group>"; };
		F8FFB0012A8A6A9C00CB1A7C /* Base */ = {isa = PBXFileReference; lastKnownFileType = file.storyboard; name = Base; path = Base.lproj/LaunchScreen.storyboard; sourceTree = "<group>"; };
		F8FFB0032A8A6A9C00CB1A7C /* Info.plist */ = {isa = PBXFileReference; lastKnownFileType = text.plist.xml; path = Info.plist; sourceTree = "<group>"; };
		F8FFB0082A8A6A9D00CB1A7C /* RegistrationTests.xctest */ = {isa = PBXFileReference; explicitFileType = wrapper.cfbundle; includeInIndex = 0; path = RegistrationTests.xctest; sourceTree = BUILT_PRODUCTS_DIR; };
		F8FFB0122A8A6A9D00CB1A7C /* RegistrationUITests.xctest */ = {isa = PBXFileReference; explicitFileType = wrapper.cfbundle; includeInIndex = 0; path = RegistrationUITests.xctest; sourceTree = BUILT_PRODUCTS_DIR; };
		F8FFB0162A8A6A9D00CB1A7C /* RegistrationUITests.swift */ = {isa = PBXFileReference; lastKnownFileType = sourcecode.swift; path = RegistrationUITests.swift; sourceTree = "<group>"; };
		F8FFB0182A8A6A9D00CB1A7C /* RegistrationUITestsLaunchTests.swift */ = {isa = PBXFileReference; lastKnownFileType = sourcecode.swift; path = RegistrationUITestsLaunchTests.swift; sourceTree = "<group>"; };
		F8FFB0272A8A6CE700CB1A7C /* RegistrationViewController.swift */ = {isa = PBXFileReference; lastKnownFileType = sourcecode.swift; path = RegistrationViewController.swift; sourceTree = "<group>"; };
		F8FFB0292A8A71BE00CB1A7C /* TextFieldTableViewCell.swift */ = {isa = PBXFileReference; lastKnownFileType = sourcecode.swift; path = TextFieldTableViewCell.swift; sourceTree = "<group>"; };
		F8FFB0302A8A7BB100CB1A7C /* RegistrationViewModel.swift */ = {isa = PBXFileReference; lastKnownFileType = sourcecode.swift; path = RegistrationViewModel.swift; sourceTree = "<group>"; };
		F8FFB0322A8A85EC00CB1A7C /* AvatarTableViewCell.swift */ = {isa = PBXFileReference; lastKnownFileType = sourcecode.swift; path = AvatarTableViewCell.swift; sourceTree = "<group>"; };
		F8FFB0342A8A942E00CB1A7C /* CenterButtonTableViewCell.swift */ = {isa = PBXFileReference; lastKnownFileType = sourcecode.swift; path = CenterButtonTableViewCell.swift; sourceTree = "<group>"; };
		FF371F36E19AD4F1625F96CB /* Pods-RegistrationUITests.release.xcconfig */ = {isa = PBXFileReference; includeInIndex = 1; lastKnownFileType = text.xcconfig; name = "Pods-RegistrationUITests.release.xcconfig"; path = "Target Support Files/Pods-RegistrationUITests/Pods-RegistrationUITests.release.xcconfig"; sourceTree = "<group>"; };
/* End PBXFileReference section */

/* Begin PBXFrameworksBuildPhase section */
		F8FFAFEF2A8A6A9900CB1A7C /* Frameworks */ = {
			isa = PBXFrameworksBuildPhase;
			buildActionMask = 2147483647;
			files = (
				CEF1CEF6F0A5302330CB718B /* Pods_Registration.framework in Frameworks */,
			);
			runOnlyForDeploymentPostprocessing = 0;
		};
		F8FFB0052A8A6A9D00CB1A7C /* Frameworks */ = {
			isa = PBXFrameworksBuildPhase;
			buildActionMask = 2147483647;
			files = (
				919E279C60AFEAA7C44F9A4B /* Pods_RegistrationTests.framework in Frameworks */,
			);
			runOnlyForDeploymentPostprocessing = 0;
		};
		F8FFB00F2A8A6A9D00CB1A7C /* Frameworks */ = {
			isa = PBXFrameworksBuildPhase;
			buildActionMask = 2147483647;
			files = (
				5F6855E93826988CA88A3F9A /* libPods-RegistrationUITests.a in Frameworks */,
			);
			runOnlyForDeploymentPostprocessing = 0;
		};
/* End PBXFrameworksBuildPhase section */

/* Begin PBXGroup section */
		6119BA4B23C310FC8A727043 /* Frameworks */ = {
			isa = PBXGroup;
			children = (
				509A7A6C84D7F7575F3D513D /* Pods_Registration.framework */,
				5D4A98F2C1AC96A62448CAFF /* Pods_RegistrationTests.framework */,
				8F13C1C7B989AD7033BAE1CB /* libPods-RegistrationUITests.a */,
			);
			name = Frameworks;
			sourceTree = "<group>";
		};
		C0197A75712A2B499691258A /* Pods */ = {
			isa = PBXGroup;
			children = (
				3CCF9A32B3FE62D058E490E1 /* Pods-Registration.debug.xcconfig */,
				BAAE41AB110314584CA063B8 /* Pods-Registration.release.xcconfig */,
				70D4ED8E28217BA397A83B92 /* Pods-Registration-RegistrationUITests.debug.xcconfig */,
				C66448A0F884014B8B2FF1A0 /* Pods-Registration-RegistrationUITests.release.xcconfig */,
				EBF20DECD40E4407F91BAA74 /* Pods-RegistrationTests.debug.xcconfig */,
				D3F7375DEC0F3FD513A8E79D /* Pods-RegistrationTests.release.xcconfig */,
				00C62C9CBF897CBE14C76095 /* Pods-RegistrationUITests.debug.xcconfig */,
				FF371F36E19AD4F1625F96CB /* Pods-RegistrationUITests.release.xcconfig */,
			);
			path = Pods;
			sourceTree = "<group>";
		};
		F8B472CB2A8BD23F005DE249 /* Model */ = {
			isa = PBXGroup;
			children = (
				F8B472CC2A8BD24D005DE249 /* Section.swift */,
				F8C440472A8DD628002B1CC6 /* RegistrationFormUIEntity.swift */,
			);
			path = Model;
			sourceTree = "<group>";
		};
		F8C440342A8DD34F002B1CC6 /* Repository */ = {
			isa = PBXGroup;
			children = (
				F8C4403E2A8DD480002B1CC6 /* UserInfoRepository.swift */,
			);
			path = Repository;
			sourceTree = "<group>";
		};
		F8C440352A8DD35E002B1CC6 /* UseCase */ = {
			isa = PBXGroup;
			children = (
				F8C440452A8DD57A002B1CC6 /* UserInfoUserCase.swift */,
			);
			path = UseCase;
			sourceTree = "<group>";
		};
		F8C440372A8DD377002B1CC6 /* Mapper */ = {
			isa = PBXGroup;
			children = (
				F8C440402A8DD48E002B1CC6 /* RegistrationMapper.swift */,
			);
			path = Mapper;
			sourceTree = "<group>";
		};
		F8C440382A8DD3AA002B1CC6 /* Entity */ = {
			isa = PBXGroup;
			children = (
				F8C440392A8DD3B7002B1CC6 /* UserInfo.swift */,
			);
			path = Entity;
			sourceTree = "<group>";
		};
		F8C4403B2A8DD3BC002B1CC6 /* UI */ = {
			isa = PBXGroup;
			children = (
				F8B472CB2A8BD23F005DE249 /* Model */,
				F8FFB02F2A8A7B9A00CB1A7C /* ViewModel */,
				F8FFB0262A8A6BED00CB1A7C /* Controller */,
				F8FFB0252A8A6BE300CB1A7C /* View */,
			);
			path = UI;
			sourceTree = "<group>";
		};
		F8C4403C2A8DD433002B1CC6 /* Data */ = {
			isa = PBXGroup;
			children = (
				F8C440342A8DD34F002B1CC6 /* Repository */,
				F8C440372A8DD377002B1CC6 /* Mapper */,
			);
			path = Data;
			sourceTree = "<group>";
		};
		F8C4403D2A8DD43E002B1CC6 /* Domain */ = {
			isa = PBXGroup;
			children = (
				F8C440422A8DD4DC002B1CC6 /* Repository */,
				F8C440352A8DD35E002B1CC6 /* UseCase */,
				F8C440382A8DD3AA002B1CC6 /* Entity */,
			);
			path = Domain;
			sourceTree = "<group>";
		};
		F8C440422A8DD4DC002B1CC6 /* Repository */ = {
			isa = PBXGroup;
			children = (
				F8C440432A8DD504002B1CC6 /* StandardRegistrationRepository.swift */,
			);
			path = Repository;
			sourceTree = "<group>";
		};
		F8C4404B2A8DF2EC002B1CC6 /* Mock */ = {
			isa = PBXGroup;
			children = (
				F8C4404C2A8DF303002B1CC6 /* MockRegistrationRepository.swift */,
			);
			path = Mock;
			sourceTree = "<group>";
		};
		F8FFAFE92A8A6A9900CB1A7C = {
			isa = PBXGroup;
			children = (
				F8FFAFF42A8A6A9900CB1A7C /* Registration */,
				F8FFB00B2A8A6A9D00CB1A7C /* RegistrationTests */,
				F8FFB0152A8A6A9D00CB1A7C /* RegistrationUITests */,
				F8FFAFF32A8A6A9900CB1A7C /* Products */,
				C0197A75712A2B499691258A /* Pods */,
				6119BA4B23C310FC8A727043 /* Frameworks */,
			);
			sourceTree = "<group>";
		};
		F8FFAFF32A8A6A9900CB1A7C /* Products */ = {
			isa = PBXGroup;
			children = (
				F8FFAFF22A8A6A9900CB1A7C /* Registration.app */,
				F8FFB0082A8A6A9D00CB1A7C /* RegistrationTests.xctest */,
				F8FFB0122A8A6A9D00CB1A7C /* RegistrationUITests.xctest */,
			);
			name = Products;
			sourceTree = "<group>";
		};
		F8FFAFF42A8A6A9900CB1A7C /* Registration */ = {
			isa = PBXGroup;
			children = (
				F8FFAFF52A8A6A9900CB1A7C /* AppDelegate.swift */,
				F8FFAFF72A8A6A9900CB1A7C /* SceneDelegate.swift */,
				F8FFAFF92A8A6A9900CB1A7C /* ViewController.swift */,
				F8C4403D2A8DD43E002B1CC6 /* Domain */,
				F8C4403C2A8DD433002B1CC6 /* Data */,
				F8C4403B2A8DD3BC002B1CC6 /* UI */,
				F8FFAFFB2A8A6A9900CB1A7C /* Main.storyboard */,
				F8FFAFFE2A8A6A9C00CB1A7C /* Assets.xcassets */,
				F8FFB0002A8A6A9C00CB1A7C /* LaunchScreen.storyboard */,
				F8FFB0032A8A6A9C00CB1A7C /* Info.plist */,
			);
			path = Registration;
			sourceTree = "<group>";
		};
		F8FFB00B2A8A6A9D00CB1A7C /* RegistrationTests */ = {
			isa = PBXGroup;
			children = (
				F8C4404B2A8DF2EC002B1CC6 /* Mock */,
				F8C440492A8DF2A7002B1CC6 /* RegistrationViewModelTests.swift */,
			);
			path = RegistrationTests;
			sourceTree = "<group>";
		};
		F8FFB0152A8A6A9D00CB1A7C /* RegistrationUITests */ = {
			isa = PBXGroup;
			children = (
				F8FFB0162A8A6A9D00CB1A7C /* RegistrationUITests.swift */,
				F8FFB0182A8A6A9D00CB1A7C /* RegistrationUITestsLaunchTests.swift */,
			);
			path = RegistrationUITests;
			sourceTree = "<group>";
		};
		F8FFB0252A8A6BE300CB1A7C /* View */ = {
			isa = PBXGroup;
			children = (
				F8FFB0292A8A71BE00CB1A7C /* TextFieldTableViewCell.swift */,
				F8B472C92A8BCE61005DE249 /* RightBtnTableViewCell.swift */,
				F8FFB0322A8A85EC00CB1A7C /* AvatarTableViewCell.swift */,
				F8FFB0342A8A942E00CB1A7C /* CenterButtonTableViewCell.swift */,
				F8C440322A8D2D5F002B1CC6 /* ColorPickerView.swift */,
			);
			path = View;
			sourceTree = "<group>";
		};
		F8FFB0262A8A6BED00CB1A7C /* Controller */ = {
			isa = PBXGroup;
			children = (
				F8FFB0272A8A6CE700CB1A7C /* RegistrationViewController.swift */,
			);
			path = Controller;
			sourceTree = "<group>";
		};
		F8FFB02F2A8A7B9A00CB1A7C /* ViewModel */ = {
			isa = PBXGroup;
			children = (
				F8FFB0302A8A7BB100CB1A7C /* RegistrationViewModel.swift */,
			);
			path = ViewModel;
			sourceTree = "<group>";
		};
/* End PBXGroup section */

/* Begin PBXNativeTarget section */
		F8FFAFF12A8A6A9900CB1A7C /* Registration */ = {
			isa = PBXNativeTarget;
			buildConfigurationList = F8FFB01C2A8A6A9D00CB1A7C /* Build configuration list for PBXNativeTarget "Registration" */;
			buildPhases = (
				F6E162D4577F9C588F53792F /* [CP] Check Pods Manifest.lock */,
				F8FFAFEE2A8A6A9900CB1A7C /* Sources */,
				F8FFAFEF2A8A6A9900CB1A7C /* Frameworks */,
				F8FFAFF02A8A6A9900CB1A7C /* Resources */,
				D61675590D3F0254CA48F3BC /* [CP] Embed Pods Frameworks */,
			);
			buildRules = (
			);
			dependencies = (
			);
			name = Registration;
			productName = Registration;
			productReference = F8FFAFF22A8A6A9900CB1A7C /* Registration.app */;
			productType = "com.apple.product-type.application";
		};
		F8FFB0072A8A6A9D00CB1A7C /* RegistrationTests */ = {
			isa = PBXNativeTarget;
			buildConfigurationList = F8FFB01F2A8A6A9D00CB1A7C /* Build configuration list for PBXNativeTarget "RegistrationTests" */;
			buildPhases = (
				A85A3EC6D125F9EED224446C /* [CP] Check Pods Manifest.lock */,
				F8FFB0042A8A6A9D00CB1A7C /* Sources */,
				F8FFB0052A8A6A9D00CB1A7C /* Frameworks */,
				F8FFB0062A8A6A9D00CB1A7C /* Resources */,
				C6B62360D81EBC417F222869 /* [CP] Embed Pods Frameworks */,
			);
			buildRules = (
			);
			dependencies = (
				F8FFB00A2A8A6A9D00CB1A7C /* PBXTargetDependency */,
			);
			name = RegistrationTests;
			productName = RegistrationTests;
			productReference = F8FFB0082A8A6A9D00CB1A7C /* RegistrationTests.xctest */;
			productType = "com.apple.product-type.bundle.unit-test";
		};
		F8FFB0112A8A6A9D00CB1A7C /* RegistrationUITests */ = {
			isa = PBXNativeTarget;
			buildConfigurationList = F8FFB0222A8A6A9D00CB1A7C /* Build configuration list for PBXNativeTarget "RegistrationUITests" */;
			buildPhases = (
				8A018DA4A88785B81A378186 /* [CP] Check Pods Manifest.lock */,
				F8FFB00E2A8A6A9D00CB1A7C /* Sources */,
				F8FFB00F2A8A6A9D00CB1A7C /* Frameworks */,
				F8FFB0102A8A6A9D00CB1A7C /* Resources */,
			);
			buildRules = (
			);
			dependencies = (
				F8FFB0142A8A6A9D00CB1A7C /* PBXTargetDependency */,
			);
			name = RegistrationUITests;
			productName = RegistrationUITests;
			productReference = F8FFB0122A8A6A9D00CB1A7C /* RegistrationUITests.xctest */;
			productType = "com.apple.product-type.bundle.ui-testing";
		};
/* End PBXNativeTarget section */

/* Begin PBXProject section */
		F8FFAFEA2A8A6A9900CB1A7C /* Project object */ = {
			isa = PBXProject;
			attributes = {
				BuildIndependentTargetsInParallel = 1;
				LastSwiftUpdateCheck = 1430;
				LastUpgradeCheck = 1430;
				TargetAttributes = {
					F8FFAFF12A8A6A9900CB1A7C = {
						CreatedOnToolsVersion = 14.3;
						LastSwiftMigration = 1430;
					};
					F8FFB0072A8A6A9D00CB1A7C = {
						CreatedOnToolsVersion = 14.3;
						TestTargetID = F8FFAFF12A8A6A9900CB1A7C;
					};
					F8FFB0112A8A6A9D00CB1A7C = {
						CreatedOnToolsVersion = 14.3;
						TestTargetID = F8FFAFF12A8A6A9900CB1A7C;
					};
				};
			};
			buildConfigurationList = F8FFAFED2A8A6A9900CB1A7C /* Build configuration list for PBXProject "Registration" */;
			compatibilityVersion = "Xcode 14.0";
			developmentRegion = en;
			hasScannedForEncodings = 0;
			knownRegions = (
				en,
				Base,
			);
			mainGroup = F8FFAFE92A8A6A9900CB1A7C;
			productRefGroup = F8FFAFF32A8A6A9900CB1A7C /* Products */;
			projectDirPath = "";
			projectRoot = "";
			targets = (
				F8FFAFF12A8A6A9900CB1A7C /* Registration */,
				F8FFB0072A8A6A9D00CB1A7C /* RegistrationTests */,
				F8FFB0112A8A6A9D00CB1A7C /* RegistrationUITests */,
			);
		};
/* End PBXProject section */

/* Begin PBXResourcesBuildPhase section */
		F8FFAFF02A8A6A9900CB1A7C /* Resources */ = {
			isa = PBXResourcesBuildPhase;
			buildActionMask = 2147483647;
			files = (
				F8FFB0022A8A6A9C00CB1A7C /* LaunchScreen.storyboard in Resources */,
				F8FFAFFF2A8A6A9C00CB1A7C /* Assets.xcassets in Resources */,
				F8FFAFFD2A8A6A9900CB1A7C /* Main.storyboard in Resources */,
			);
			runOnlyForDeploymentPostprocessing = 0;
		};
		F8FFB0062A8A6A9D00CB1A7C /* Resources */ = {
			isa = PBXResourcesBuildPhase;
			buildActionMask = 2147483647;
			files = (
			);
			runOnlyForDeploymentPostprocessing = 0;
		};
		F8FFB0102A8A6A9D00CB1A7C /* Resources */ = {
			isa = PBXResourcesBuildPhase;
			buildActionMask = 2147483647;
			files = (
			);
			runOnlyForDeploymentPostprocessing = 0;
		};
/* End PBXResourcesBuildPhase section */

/* Begin PBXShellScriptBuildPhase section */
		8A018DA4A88785B81A378186 /* [CP] Check Pods Manifest.lock */ = {
			isa = PBXShellScriptBuildPhase;
			buildActionMask = 2147483647;
			files = (
			);
			inputFileListPaths = (
			);
			inputPaths = (
				"${PODS_PODFILE_DIR_PATH}/Podfile.lock",
				"${PODS_ROOT}/Manifest.lock",
			);
			name = "[CP] Check Pods Manifest.lock";
			outputFileListPaths = (
			);
			outputPaths = (
				"$(DERIVED_FILE_DIR)/Pods-RegistrationUITests-checkManifestLockResult.txt",
			);
			runOnlyForDeploymentPostprocessing = 0;
			shellPath = /bin/sh;
			shellScript = "diff \"${PODS_PODFILE_DIR_PATH}/Podfile.lock\" \"${PODS_ROOT}/Manifest.lock\" > /dev/null\nif [ $? != 0 ] ; then\n    # print error to STDERR\n    echo \"error: The sandbox is not in sync with the Podfile.lock. Run 'pod install' or update your CocoaPods installation.\" >&2\n    exit 1\nfi\n# This output is used by Xcode 'outputs' to avoid re-running this script phase.\necho \"SUCCESS\" > \"${SCRIPT_OUTPUT_FILE_0}\"\n";
			showEnvVarsInLog = 0;
		};
		A85A3EC6D125F9EED224446C /* [CP] Check Pods Manifest.lock */ = {
			isa = PBXShellScriptBuildPhase;
			buildActionMask = 2147483647;
			files = (
			);
			inputFileListPaths = (
			);
			inputPaths = (
				"${PODS_PODFILE_DIR_PATH}/Podfile.lock",
				"${PODS_ROOT}/Manifest.lock",
			);
			name = "[CP] Check Pods Manifest.lock";
			outputFileListPaths = (
			);
			outputPaths = (
				"$(DERIVED_FILE_DIR)/Pods-RegistrationTests-checkManifestLockResult.txt",
			);
			runOnlyForDeploymentPostprocessing = 0;
			shellPath = /bin/sh;
			shellScript = "diff \"${PODS_PODFILE_DIR_PATH}/Podfile.lock\" \"${PODS_ROOT}/Manifest.lock\" > /dev/null\nif [ $? != 0 ] ; then\n    # print error to STDERR\n    echo \"error: The sandbox is not in sync with the Podfile.lock. Run 'pod install' or update your CocoaPods installation.\" >&2\n    exit 1\nfi\n# This output is used by Xcode 'outputs' to avoid re-running this script phase.\necho \"SUCCESS\" > \"${SCRIPT_OUTPUT_FILE_0}\"\n";
			showEnvVarsInLog = 0;
		};
		C6B62360D81EBC417F222869 /* [CP] Embed Pods Frameworks */ = {
			isa = PBXShellScriptBuildPhase;
			buildActionMask = 2147483647;
			files = (
			);
			inputFileListPaths = (
				"${PODS_ROOT}/Target Support Files/Pods-RegistrationTests/Pods-RegistrationTests-frameworks-${CONFIGURATION}-input-files.xcfilelist",
			);
			name = "[CP] Embed Pods Frameworks";
			outputFileListPaths = (
				"${PODS_ROOT}/Target Support Files/Pods-RegistrationTests/Pods-RegistrationTests-frameworks-${CONFIGURATION}-output-files.xcfilelist",
			);
			runOnlyForDeploymentPostprocessing = 0;
			shellPath = /bin/sh;
			shellScript = "\"${PODS_ROOT}/Target Support Files/Pods-RegistrationTests/Pods-RegistrationTests-frameworks.sh\"\n";
			showEnvVarsInLog = 0;
		};
		D61675590D3F0254CA48F3BC /* [CP] Embed Pods Frameworks */ = {
			isa = PBXShellScriptBuildPhase;
			buildActionMask = 2147483647;
			files = (
			);
			inputFileListPaths = (
				"${PODS_ROOT}/Target Support Files/Pods-Registration/Pods-Registration-frameworks-${CONFIGURATION}-input-files.xcfilelist",
			);
			name = "[CP] Embed Pods Frameworks";
			outputFileListPaths = (
				"${PODS_ROOT}/Target Support Files/Pods-Registration/Pods-Registration-frameworks-${CONFIGURATION}-output-files.xcfilelist",
			);
			runOnlyForDeploymentPostprocessing = 0;
			shellPath = /bin/sh;
			shellScript = "\"${PODS_ROOT}/Target Support Files/Pods-Registration/Pods-Registration-frameworks.sh\"\n";
			showEnvVarsInLog = 0;
		};
		F6E162D4577F9C588F53792F /* [CP] Check Pods Manifest.lock */ = {
			isa = PBXShellScriptBuildPhase;
			buildActionMask = 2147483647;
			files = (
			);
			inputFileListPaths = (
			);
			inputPaths = (
				"${PODS_PODFILE_DIR_PATH}/Podfile.lock",
				"${PODS_ROOT}/Manifest.lock",
			);
			name = "[CP] Check Pods Manifest.lock";
			outputFileListPaths = (
			);
			outputPaths = (
				"$(DERIVED_FILE_DIR)/Pods-Registration-checkManifestLockResult.txt",
			);
			runOnlyForDeploymentPostprocessing = 0;
			shellPath = /bin/sh;
			shellScript = "diff \"${PODS_PODFILE_DIR_PATH}/Podfile.lock\" \"${PODS_ROOT}/Manifest.lock\" > /dev/null\nif [ $? != 0 ] ; then\n    # print error to STDERR\n    echo \"error: The sandbox is not in sync with the Podfile.lock. Run 'pod install' or update your CocoaPods installation.\" >&2\n    exit 1\nfi\n# This output is used by Xcode 'outputs' to avoid re-running this script phase.\necho \"SUCCESS\" > \"${SCRIPT_OUTPUT_FILE_0}\"\n";
			showEnvVarsInLog = 0;
		};
/* End PBXShellScriptBuildPhase section */

/* Begin PBXSourcesBuildPhase section */
		F8FFAFEE2A8A6A9900CB1A7C /* Sources */ = {
			isa = PBXSourcesBuildPhase;
			buildActionMask = 2147483647;
			files = (
				F8FFAFFA2A8A6A9900CB1A7C /* ViewController.swift in Sources */,
				F8FFB0312A8A7BB100CB1A7C /* RegistrationViewModel.swift in Sources */,
				F8C440482A8DD628002B1CC6 /* RegistrationFormUIEntity.swift in Sources */,
				F8FFB0352A8A942E00CB1A7C /* CenterButtonTableViewCell.swift in Sources */,
				F8FFAFF62A8A6A9900CB1A7C /* AppDelegate.swift in Sources */,
				F8C440442A8DD504002B1CC6 /* StandardRegistrationRepository.swift in Sources */,
				F8C4403A2A8DD3B7002B1CC6 /* UserInfo.swift in Sources */,
				F8C440332A8D2D5F002B1CC6 /* ColorPickerView.swift in Sources */,
				F8C440462A8DD57B002B1CC6 /* UserInfoUserCase.swift in Sources */,
				F8C4403F2A8DD480002B1CC6 /* UserInfoRepository.swift in Sources */,
				F8FFB0282A8A6CE700CB1A7C /* RegistrationViewController.swift in Sources */,
				F8B472CD2A8BD24D005DE249 /* Section.swift in Sources */,
				F8C440412A8DD48E002B1CC6 /* RegistrationMapper.swift in Sources */,
				F8B472CA2A8BCE61005DE249 /* RightBtnTableViewCell.swift in Sources */,
				F8FFAFF82A8A6A9900CB1A7C /* SceneDelegate.swift in Sources */,
				F8FFB02A2A8A71BE00CB1A7C /* TextFieldTableViewCell.swift in Sources */,
				F8FFB0332A8A85EC00CB1A7C /* AvatarTableViewCell.swift in Sources */,
			);
			runOnlyForDeploymentPostprocessing = 0;
		};
		F8FFB0042A8A6A9D00CB1A7C /* Sources */ = {
			isa = PBXSourcesBuildPhase;
			buildActionMask = 2147483647;
			files = (
				F8C4404A2A8DF2A7002B1CC6 /* RegistrationViewModelTests.swift in Sources */,
				F8C4404D2A8DF303002B1CC6 /* MockRegistrationRepository.swift in Sources */,
			);
			runOnlyForDeploymentPostprocessing = 0;
		};
		F8FFB00E2A8A6A9D00CB1A7C /* Sources */ = {
			isa = PBXSourcesBuildPhase;
			buildActionMask = 2147483647;
			files = (
				F8FFB0172A8A6A9D00CB1A7C /* RegistrationUITests.swift in Sources */,
				F8FFB0192A8A6A9D00CB1A7C /* RegistrationUITestsLaunchTests.swift in Sources */,
			);
			runOnlyForDeploymentPostprocessing = 0;
		};
/* End PBXSourcesBuildPhase section */

/* Begin PBXTargetDependency section */
		F8FFB00A2A8A6A9D00CB1A7C /* PBXTargetDependency */ = {
			isa = PBXTargetDependency;
			target = F8FFAFF12A8A6A9900CB1A7C /* Registration */;
			targetProxy = F8FFB0092A8A6A9D00CB1A7C /* PBXContainerItemProxy */;
		};
		F8FFB0142A8A6A9D00CB1A7C /* PBXTargetDependency */ = {
			isa = PBXTargetDependency;
			target = F8FFAFF12A8A6A9900CB1A7C /* Registration */;
			targetProxy = F8FFB0132A8A6A9D00CB1A7C /* PBXContainerItemProxy */;
		};
/* End PBXTargetDependency section */

/* Begin PBXVariantGroup section */
		F8FFAFFB2A8A6A9900CB1A7C /* Main.storyboard */ = {
			isa = PBXVariantGroup;
			children = (
				F8FFAFFC2A8A6A9900CB1A7C /* Base */,
			);
			name = Main.storyboard;
			sourceTree = "<group>";
		};
		F8FFB0002A8A6A9C00CB1A7C /* LaunchScreen.storyboard */ = {
			isa = PBXVariantGroup;
			children = (
				F8FFB0012A8A6A9C00CB1A7C /* Base */,
			);
			name = LaunchScreen.storyboard;
			sourceTree = "<group>";
		};
/* End PBXVariantGroup section */

/* Begin XCBuildConfiguration section */
		F8FFB01A2A8A6A9D00CB1A7C /* Debug */ = {
			isa = XCBuildConfiguration;
			buildSettings = {
				ALWAYS_SEARCH_USER_PATHS = NO;
				CLANG_ANALYZER_NONNULL = YES;
				CLANG_ANALYZER_NUMBER_OBJECT_CONVERSION = YES_AGGRESSIVE;
				CLANG_CXX_LANGUAGE_STANDARD = "gnu++20";
				CLANG_ENABLE_MODULES = YES;
				CLANG_ENABLE_OBJC_ARC = YES;
				CLANG_ENABLE_OBJC_WEAK = YES;
				CLANG_WARN_BLOCK_CAPTURE_AUTORELEASING = YES;
				CLANG_WARN_BOOL_CONVERSION = YES;
				CLANG_WARN_COMMA = YES;
				CLANG_WARN_CONSTANT_CONVERSION = YES;
				CLANG_WARN_DEPRECATED_OBJC_IMPLEMENTATIONS = YES;
				CLANG_WARN_DIRECT_OBJC_ISA_USAGE = YES_ERROR;
				CLANG_WARN_DOCUMENTATION_COMMENTS = YES;
				CLANG_WARN_EMPTY_BODY = YES;
				CLANG_WARN_ENUM_CONVERSION = YES;
				CLANG_WARN_INFINITE_RECURSION = YES;
				CLANG_WARN_INT_CONVERSION = YES;
				CLANG_WARN_NON_LITERAL_NULL_CONVERSION = YES;
				CLANG_WARN_OBJC_IMPLICIT_RETAIN_SELF = YES;
				CLANG_WARN_OBJC_LITERAL_CONVERSION = YES;
				CLANG_WARN_OBJC_ROOT_CLASS = YES_ERROR;
				CLANG_WARN_QUOTED_INCLUDE_IN_FRAMEWORK_HEADER = YES;
				CLANG_WARN_RANGE_LOOP_ANALYSIS = YES;
				CLANG_WARN_STRICT_PROTOTYPES = YES;
				CLANG_WARN_SUSPICIOUS_MOVE = YES;
				CLANG_WARN_UNGUARDED_AVAILABILITY = YES_AGGRESSIVE;
				CLANG_WARN_UNREACHABLE_CODE = YES;
				CLANG_WARN__DUPLICATE_METHOD_MATCH = YES;
				COPY_PHASE_STRIP = NO;
				DEBUG_INFORMATION_FORMAT = dwarf;
				ENABLE_STRICT_OBJC_MSGSEND = YES;
				ENABLE_TESTABILITY = YES;
				GCC_C_LANGUAGE_STANDARD = gnu11;
				GCC_DYNAMIC_NO_PIC = NO;
				GCC_NO_COMMON_BLOCKS = YES;
				GCC_OPTIMIZATION_LEVEL = 0;
				GCC_PREPROCESSOR_DEFINITIONS = (
					"DEBUG=1",
					"$(inherited)",
				);
				GCC_WARN_64_TO_32_BIT_CONVERSION = YES;
				GCC_WARN_ABOUT_RETURN_TYPE = YES_ERROR;
				GCC_WARN_UNDECLARED_SELECTOR = YES;
				GCC_WARN_UNINITIALIZED_AUTOS = YES_AGGRESSIVE;
				GCC_WARN_UNUSED_FUNCTION = YES;
				GCC_WARN_UNUSED_VARIABLE = YES;
				IPHONEOS_DEPLOYMENT_TARGET = 16.4;
				MTL_ENABLE_DEBUG_INFO = INCLUDE_SOURCE;
				MTL_FAST_MATH = YES;
				ONLY_ACTIVE_ARCH = YES;
				SDKROOT = iphoneos;
				SWIFT_ACTIVE_COMPILATION_CONDITIONS = DEBUG;
				SWIFT_OPTIMIZATION_LEVEL = "-Onone";
			};
			name = Debug;
		};
		F8FFB01B2A8A6A9D00CB1A7C /* Release */ = {
			isa = XCBuildConfiguration;
			buildSettings = {
				ALWAYS_SEARCH_USER_PATHS = NO;
				CLANG_ANALYZER_NONNULL = YES;
				CLANG_ANALYZER_NUMBER_OBJECT_CONVERSION = YES_AGGRESSIVE;
				CLANG_CXX_LANGUAGE_STANDARD = "gnu++20";
				CLANG_ENABLE_MODULES = YES;
				CLANG_ENABLE_OBJC_ARC = YES;
				CLANG_ENABLE_OBJC_WEAK = YES;
				CLANG_WARN_BLOCK_CAPTURE_AUTORELEASING = YES;
				CLANG_WARN_BOOL_CONVERSION = YES;
				CLANG_WARN_COMMA = YES;
				CLANG_WARN_CONSTANT_CONVERSION = YES;
				CLANG_WARN_DEPRECATED_OBJC_IMPLEMENTATIONS = YES;
				CLANG_WARN_DIRECT_OBJC_ISA_USAGE = YES_ERROR;
				CLANG_WARN_DOCUMENTATION_COMMENTS = YES;
				CLANG_WARN_EMPTY_BODY = YES;
				CLANG_WARN_ENUM_CONVERSION = YES;
				CLANG_WARN_INFINITE_RECURSION = YES;
				CLANG_WARN_INT_CONVERSION = YES;
				CLANG_WARN_NON_LITERAL_NULL_CONVERSION = YES;
				CLANG_WARN_OBJC_IMPLICIT_RETAIN_SELF = YES;
				CLANG_WARN_OBJC_LITERAL_CONVERSION = YES;
				CLANG_WARN_OBJC_ROOT_CLASS = YES_ERROR;
				CLANG_WARN_QUOTED_INCLUDE_IN_FRAMEWORK_HEADER = YES;
				CLANG_WARN_RANGE_LOOP_ANALYSIS = YES;
				CLANG_WARN_STRICT_PROTOTYPES = YES;
				CLANG_WARN_SUSPICIOUS_MOVE = YES;
				CLANG_WARN_UNGUARDED_AVAILABILITY = YES_AGGRESSIVE;
				CLANG_WARN_UNREACHABLE_CODE = YES;
				CLANG_WARN__DUPLICATE_METHOD_MATCH = YES;
				COPY_PHASE_STRIP = NO;
				DEBUG_INFORMATION_FORMAT = "dwarf-with-dsym";
				ENABLE_NS_ASSERTIONS = NO;
				ENABLE_STRICT_OBJC_MSGSEND = YES;
				GCC_C_LANGUAGE_STANDARD = gnu11;
				GCC_NO_COMMON_BLOCKS = YES;
				GCC_WARN_64_TO_32_BIT_CONVERSION = YES;
				GCC_WARN_ABOUT_RETURN_TYPE = YES_ERROR;
				GCC_WARN_UNDECLARED_SELECTOR = YES;
				GCC_WARN_UNINITIALIZED_AUTOS = YES_AGGRESSIVE;
				GCC_WARN_UNUSED_FUNCTION = YES;
				GCC_WARN_UNUSED_VARIABLE = YES;
				IPHONEOS_DEPLOYMENT_TARGET = 16.4;
				MTL_ENABLE_DEBUG_INFO = NO;
				MTL_FAST_MATH = YES;
				SDKROOT = iphoneos;
				SWIFT_COMPILATION_MODE = wholemodule;
				SWIFT_OPTIMIZATION_LEVEL = "-O";
				VALIDATE_PRODUCT = YES;
			};
			name = Release;
		};
		F8FFB01D2A8A6A9D00CB1A7C /* Debug */ = {
			isa = XCBuildConfiguration;
			baseConfigurationReference = 3CCF9A32B3FE62D058E490E1 /* Pods-Registration.debug.xcconfig */;
			buildSettings = {
				ASSETCATALOG_COMPILER_APPICON_NAME = AppIcon;
				ASSETCATALOG_COMPILER_GLOBAL_ACCENT_COLOR_NAME = AccentColor;
				CLANG_ENABLE_MODULES = YES;
				CODE_SIGN_STYLE = Automatic;
				CURRENT_PROJECT_VERSION = 1;
				GENERATE_INFOPLIST_FILE = YES;
				INFOPLIST_FILE = Registration/Info.plist;
				INFOPLIST_KEY_UIApplicationSupportsIndirectInputEvents = YES;
				INFOPLIST_KEY_UILaunchStoryboardName = LaunchScreen;
				INFOPLIST_KEY_UIMainStoryboardFile = Main;
				INFOPLIST_KEY_UISupportedInterfaceOrientations_iPad = "UIInterfaceOrientationPortrait UIInterfaceOrientationPortraitUpsideDown UIInterfaceOrientationLandscapeLeft UIInterfaceOrientationLandscapeRight";
				INFOPLIST_KEY_UISupportedInterfaceOrientations_iPhone = "UIInterfaceOrientationPortrait UIInterfaceOrientationLandscapeLeft UIInterfaceOrientationLandscapeRight";
				LD_RUNPATH_SEARCH_PATHS = (
					"$(inherited)",
					"@executable_path/Frameworks",
				);
				MARKETING_VERSION = 1.0;
				PRODUCT_BUNDLE_IDENTIFIER = com.porscher.registration.Registration;
				PRODUCT_NAME = "$(TARGET_NAME)";
				SWIFT_EMIT_LOC_STRINGS = YES;
				SWIFT_OBJC_BRIDGING_HEADER = "";
				SWIFT_OPTIMIZATION_LEVEL = "-Onone";
				SWIFT_VERSION = 5.0;
				TARGETED_DEVICE_FAMILY = "1,2";
			};
			name = Debug;
		};
		F8FFB01E2A8A6A9D00CB1A7C /* Release */ = {
			isa = XCBuildConfiguration;
			baseConfigurationReference = BAAE41AB110314584CA063B8 /* Pods-Registration.release.xcconfig */;
			buildSettings = {
				ASSETCATALOG_COMPILER_APPICON_NAME = AppIcon;
				ASSETCATALOG_COMPILER_GLOBAL_ACCENT_COLOR_NAME = AccentColor;
				CLANG_ENABLE_MODULES = YES;
				CODE_SIGN_STYLE = Automatic;
				CURRENT_PROJECT_VERSION = 1;
				GENERATE_INFOPLIST_FILE = YES;
				INFOPLIST_FILE = Registration/Info.plist;
				INFOPLIST_KEY_UIApplicationSupportsIndirectInputEvents = YES;
				INFOPLIST_KEY_UILaunchStoryboardName = LaunchScreen;
				INFOPLIST_KEY_UIMainStoryboardFile = Main;
				INFOPLIST_KEY_UISupportedInterfaceOrientations_iPad = "UIInterfaceOrientationPortrait UIInterfaceOrientationPortraitUpsideDown UIInterfaceOrientationLandscapeLeft UIInterfaceOrientationLandscapeRight";
				INFOPLIST_KEY_UISupportedInterfaceOrientations_iPhone = "UIInterfaceOrientationPortrait UIInterfaceOrientationLandscapeLeft UIInterfaceOrientationLandscapeRight";
				LD_RUNPATH_SEARCH_PATHS = (
					"$(inherited)",
					"@executable_path/Frameworks",
				);
				MARKETING_VERSION = 1.0;
				PRODUCT_BUNDLE_IDENTIFIER = com.porscher.registration.Registration;
				PRODUCT_NAME = "$(TARGET_NAME)";
				SWIFT_EMIT_LOC_STRINGS = YES;
				SWIFT_OBJC_BRIDGING_HEADER = "";
				SWIFT_VERSION = 5.0;
				TARGETED_DEVICE_FAMILY = "1,2";
			};
			name = Release;
		};
		F8FFB0202A8A6A9D00CB1A7C /* Debug */ = {
			isa = XCBuildConfiguration;
			baseConfigurationReference = EBF20DECD40E4407F91BAA74 /* Pods-RegistrationTests.debug.xcconfig */;
			buildSettings = {
				ALWAYS_EMBED_SWIFT_STANDARD_LIBRARIES = "$(inherited)";
				BUNDLE_LOADER = "$(TEST_HOST)";
				CODE_SIGN_STYLE = Automatic;
				CURRENT_PROJECT_VERSION = 1;
				GENERATE_INFOPLIST_FILE = YES;
				IPHONEOS_DEPLOYMENT_TARGET = 16.4;
				MARKETING_VERSION = 1.0;
				PRODUCT_BUNDLE_IDENTIFIER = com.porscher.registration.RegistrationTests;
				PRODUCT_NAME = "$(TARGET_NAME)";
				SWIFT_EMIT_LOC_STRINGS = NO;
				SWIFT_VERSION = 5.0;
				TARGETED_DEVICE_FAMILY = "1,2";
				TEST_HOST = "$(BUILT_PRODUCTS_DIR)/Registration.app/$(BUNDLE_EXECUTABLE_FOLDER_PATH)/Registration";
			};
			name = Debug;
		};
		F8FFB0212A8A6A9D00CB1A7C /* Release */ = {
			isa = XCBuildConfiguration;
			baseConfigurationReference = D3F7375DEC0F3FD513A8E79D /* Pods-RegistrationTests.release.xcconfig */;
			buildSettings = {
				ALWAYS_EMBED_SWIFT_STANDARD_LIBRARIES = "$(inherited)";
				BUNDLE_LOADER = "$(TEST_HOST)";
				CODE_SIGN_STYLE = Automatic;
				CURRENT_PROJECT_VERSION = 1;
				GENERATE_INFOPLIST_FILE = YES;
				IPHONEOS_DEPLOYMENT_TARGET = 16.4;
				MARKETING_VERSION = 1.0;
				PRODUCT_BUNDLE_IDENTIFIER = com.porscher.registration.RegistrationTests;
				PRODUCT_NAME = "$(TARGET_NAME)";
				SWIFT_EMIT_LOC_STRINGS = NO;
				SWIFT_VERSION = 5.0;
				TARGETED_DEVICE_FAMILY = "1,2";
				TEST_HOST = "$(BUILT_PRODUCTS_DIR)/Registration.app/$(BUNDLE_EXECUTABLE_FOLDER_PATH)/Registration";
			};
			name = Release;
		};
		F8FFB0232A8A6A9D00CB1A7C /* Debug */ = {
			isa = XCBuildConfiguration;
			baseConfigurationReference = 00C62C9CBF897CBE14C76095 /* Pods-RegistrationUITests.debug.xcconfig */;
			buildSettings = {
				ALWAYS_EMBED_SWIFT_STANDARD_LIBRARIES = "$(inherited)";
				CODE_SIGN_STYLE = Automatic;
				CURRENT_PROJECT_VERSION = 1;
				GENERATE_INFOPLIST_FILE = YES;
				MARKETING_VERSION = 1.0;
				PRODUCT_BUNDLE_IDENTIFIER = com.porscher.registration.RegistrationUITests;
				PRODUCT_NAME = "$(TARGET_NAME)";
				SWIFT_EMIT_LOC_STRINGS = NO;
				SWIFT_VERSION = 5.0;
				TARGETED_DEVICE_FAMILY = "1,2";
				TEST_TARGET_NAME = Registration;
			};
			name = Debug;
		};
		F8FFB0242A8A6A9D00CB1A7C /* Release */ = {
			isa = XCBuildConfiguration;
			baseConfigurationReference = FF371F36E19AD4F1625F96CB /* Pods-RegistrationUITests.release.xcconfig */;
			buildSettings = {
				ALWAYS_EMBED_SWIFT_STANDARD_LIBRARIES = "$(inherited)";
				CODE_SIGN_STYLE = Automatic;
				CURRENT_PROJECT_VERSION = 1;
				GENERATE_INFOPLIST_FILE = YES;
				MARKETING_VERSION = 1.0;
				PRODUCT_BUNDLE_IDENTIFIER = com.porscher.registration.RegistrationUITests;
				PRODUCT_NAME = "$(TARGET_NAME)";
				SWIFT_EMIT_LOC_STRINGS = NO;
				SWIFT_VERSION = 5.0;
				TARGETED_DEVICE_FAMILY = "1,2";
				TEST_TARGET_NAME = Registration;
			};
			name = Release;
		};
/* End XCBuildConfiguration section */

/* Begin XCConfigurationList section */
		F8FFAFED2A8A6A9900CB1A7C /* Build configuration list for PBXProject "Registration" */ = {
			isa = XCConfigurationList;
			buildConfigurations = (
				F8FFB01A2A8A6A9D00CB1A7C /* Debug */,
				F8FFB01B2A8A6A9D00CB1A7C /* Release */,
			);
			defaultConfigurationIsVisible = 0;
			defaultConfigurationName = Release;
		};
		F8FFB01C2A8A6A9D00CB1A7C /* Build configuration list for PBXNativeTarget "Registration" */ = {
			isa = XCConfigurationList;
			buildConfigurations = (
				F8FFB01D2A8A6A9D00CB1A7C /* Debug */,
				F8FFB01E2A8A6A9D00CB1A7C /* Release */,
			);
			defaultConfigurationIsVisible = 0;
			defaultConfigurationName = Release;
		};
		F8FFB01F2A8A6A9D00CB1A7C /* Build configuration list for PBXNativeTarget "RegistrationTests" */ = {
			isa = XCConfigurationList;
			buildConfigurations = (
				F8FFB0202A8A6A9D00CB1A7C /* Debug */,
				F8FFB0212A8A6A9D00CB1A7C /* Release */,
			);
			defaultConfigurationIsVisible = 0;
			defaultConfigurationName = Release;
		};
		F8FFB0222A8A6A9D00CB1A7C /* Build configuration list for PBXNativeTarget "RegistrationUITests" */ = {
			isa = XCConfigurationList;
			buildConfigurations = (
				F8FFB0232A8A6A9D00CB1A7C /* Debug */,
				F8FFB0242A8A6A9D00CB1A7C /* Release */,
			);
			defaultConfigurationIsVisible = 0;
			defaultConfigurationName = Release;
		};
/* End XCConfigurationList section */
	};
	rootObject = F8FFAFEA2A8A6A9900CB1A7C /* Project object */;
}
